
Microsoft Visual Studio Solution File, Format Version 12.00
# Visual Studio Version 17
VisualStudioVersion = 17.11.35303.130
MinimumVisualStudioVersion = 10.0.40219.1
Project("{FAE04EC0-301F-11D3-BF4B-00C04F79EFBC}") = "CoffeeShop_Decorator", "CoffeeShop_Decorator\CoffeeShop_Decorator.csproj", "{D04A4EB0-532E-4946-9D97-4945BAB18D46}"
EndProject
Global
	GlobalSection(SolutionConfigurationPlatforms) = preSolution
		Debug|Any CPU = Debug|Any CPU
		Release|Any CPU = Release|Any CPU
	EndGlobalSection
	GlobalSection(ProjectConfigurationPlatforms) = postSolution
		{D04A4EB0-532E-4946-9D97-4945BAB18D46}.Debug|Any CPU.ActiveCfg = Debug|Any CPU
		{D04A4EB0-532E-4946-9D97-4945BAB18D46}.Debug|Any CPU.Build.0 = Debug|Any CPU
		{D04A4EB0-532E-4946-9D97-4945BAB18D46}.Release|Any CPU.ActiveCfg = Release|Any CPU
		{D04A4EB0-532E-4946-9D97-4945BAB18D46}.Release|Any CPU.Build.0 = Release|Any CPU
	EndGlobalSection
	GlobalSection(SolutionProperties) = preSolution
		HideSolutionNode = FALSE
	EndGlobalSection
	GlobalSection(ExtensibilityGlobals) = postSolution
		SolutionGuid = {760A8731-8CA0-45A7-9DA6-2B826521B081}
	EndGlobalSection
EndGlobal
